
Microsoft Visual Studio Solution File, Format Version 12.00
# Visual Studio Version 16
VisualStudioVersion = 16.0.28922.388
MinimumVisualStudioVersion = 10.0.40219.1
Project("{FAE04EC0-301F-11D3-BF4B-00C04F79EFBC}") = "EventManagementSystem", "EventManagementSystem\EventManagementSystem.csproj", "{5278B70A-61B2-41DF-9F69-E03B0D349D34}"
EndProject
Global
	GlobalSection(SolutionConfigurationPlatforms) = preSolution
		Debug|Any CPU = Debug|Any CPU
		Release|Any CPU = Release|Any CPU
	EndGlobalSection
	GlobalSection(ProjectConfigurationPlatforms) = postSolution
		{5278B70A-61B2-41DF-9F69-E03B0D349D34}.Debug|Any CPU.ActiveCfg = Debug|Any CPU
		{5278B70A-61B2-41DF-9F69-E03B0D349D34}.Debug|Any CPU.Build.0 = Debug|Any CPU
		{5278B70A-61B2-41DF-9F69-E03B0D349D34}.Release|Any CPU.ActiveCfg = Release|Any CPU
		{5278B70A-61B2-41DF-9F69-E03B0D349D34}.Release|Any CPU.Build.0 = Release|Any CPU
	EndGlobalSection
	GlobalSection(SolutionProperties) = preSolution
		HideSolutionNode = FALSE
	EndGlobalSection
	GlobalSection(ExtensibilityGlobals) = postSolution
		SolutionGuid = {5A556C7D-85C4-46C5-8371-5098309461FB}
	EndGlobalSection
EndGlobal
